
Microsoft Visual Studio Solution File, Format Version 12.00
# Visual Studio Version 16
VisualStudioVersion = 16.0.29324.140
MinimumVisualStudioVersion = 10.0.40219.1
Project("{FAE04EC0-301F-11D3-BF4B-00C04F79EFBC}") = "WebApplication2", "WebApplication2\WebApplication2.csproj", "{59A3CC94-C881-4C21-A2E0-493E0A8BFB89}"
EndProject
Global
	GlobalSection(SolutionConfigurationPlatforms) = preSolution
		Debug|Any CPU = Debug|Any CPU
		Release|Any CPU = Release|Any CPU
	EndGlobalSection
	GlobalSection(ProjectConfigurationPlatforms) = postSolution
		{59A3CC94-C881-4C21-A2E0-493E0A8BFB89}.Debug|Any CPU.ActiveCfg = Debug|Any CPU
		{59A3CC94-C881-4C21-A2E0-493E0A8BFB89}.Debug|Any CPU.Build.0 = Debug|Any CPU
		{59A3CC94-C881-4C21-A2E0-493E0A8BFB89}.Release|Any CPU.ActiveCfg = Release|Any CPU
		{59A3CC94-C881-4C21-A2E0-493E0A8BFB89}.Release|Any CPU.Build.0 = Release|Any CPU
	EndGlobalSection
	GlobalSection(SolutionProperties) = preSolution
		HideSolutionNode = FALSE
	EndGlobalSection
	GlobalSection(ExtensibilityGlobals) = postSolution
		SolutionGuid = {0385EC72-1115-4E69-8B13-62159A13DFD2}
	EndGlobalSection
EndGlobal
